// !$*UTF8*$!
{
	archiveVersion = 1;
	classes = {
	};
	objectVersion = 56;
	objects = {

/* Begin PBXBuildFile section */
		2230AF252A703026005EC8FB /* PurpleApp.swift in Sources */ = {isa = PBXBuildFile; fileRef = 2230AF242A703026005EC8FB /* PurpleApp.swift */; };
		2230AF272A703026005EC8FB /* ContentView.swift in Sources */ = {isa = PBXBuildFile; fileRef = 2230AF262A703026005EC8FB /* ContentView.swift */; };
		2230AF292A703027005EC8FB /* Assets.xcassets in Resources */ = {isa = PBXBuildFile; fileRef = 2230AF282A703027005EC8FB /* Assets.xcassets */; };
		2230AF2C2A703027005EC8FB /* Preview Assets.xcassets in Resources */ = {isa = PBXBuildFile; fileRef = 2230AF2B2A703027005EC8FB /* Preview Assets.xcassets */; };
		2230AF342A7030CB005EC8FB /* Apollo in Frameworks */ = {isa = PBXBuildFile; productRef = 2230AF332A7030CB005EC8FB /* Apollo */; };
		2230AF362A7030CB005EC8FB /* ApolloWebSocket in Frameworks */ = {isa = PBXBuildFile; productRef = 2230AF352A7030CB005EC8FB /* ApolloWebSocket */; };
		2230AF3C2A703836005EC8FB /* schema.graphqls in Resources */ = {isa = PBXBuildFile; fileRef = 2230AF3A2A703836005EC8FB /* schema.graphqls */; };
		2230AF452A7038AD005EC8FB /* RickAndMortyAPI in Frameworks */ = {isa = PBXBuildFile; productRef = 2230AF442A7038AD005EC8FB /* RickAndMortyAPI */; };
/* End PBXBuildFile section */

/* Begin PBXFileReference section */
		2230AF212A703026005EC8FB /* Purple.app */ = {isa = PBXFileReference; explicitFileType = wrapper.application; includeInIndex = 0; path = Purple.app; sourceTree = BUILT_PRODUCTS_DIR; };
		2230AF242A703026005EC8FB /* PurpleApp.swift */ = {isa = PBXFileReference; lastKnownFileType = sourcecode.swift; path = PurpleApp.swift; sourceTree = "<group>"; };
		2230AF262A703026005EC8FB /* ContentView.swift */ = {isa = PBXFileReference; lastKnownFileType = sourcecode.swift; path = ContentView.swift; sourceTree = "<group>"; };
		2230AF282A703027005EC8FB /* Assets.xcassets */ = {isa = PBXFileReference; lastKnownFileType = folder.assetcatalog; path = Assets.xcassets; sourceTree = "<group>"; };
		2230AF2B2A703027005EC8FB /* Preview Assets.xcassets */ = {isa = PBXFileReference; lastKnownFileType = folder.assetcatalog; path = "Preview Assets.xcassets"; sourceTree = "<group>"; };
		2230AF3A2A703836005EC8FB /* schema.graphqls */ = {isa = PBXFileReference; fileEncoding = 4; lastKnownFileType = text; path = schema.graphqls; sourceTree = "<group>"; };
		2230AF402A70385B005EC8FB /* CharacterList.graphql */ = {isa = PBXFileReference; lastKnownFileType = text; path = CharacterList.graphql; sourceTree = "<group>"; };
		2230AF422A70389D005EC8FB /* RickAndMortyAPI */ = {isa = PBXFileReference; lastKnownFileType = wrapper; path = RickAndMortyAPI; sourceTree = "<group>"; };
/* End PBXFileReference section */

/* Begin PBXFrameworksBuildPhase section */
		2230AF1E2A703026005EC8FB /* Frameworks */ = {
			isa = PBXFrameworksBuildPhase;
			buildActionMask = 2147483647;
			files = (
				2230AF342A7030CB005EC8FB /* Apollo in Frameworks */,
				2230AF452A7038AD005EC8FB /* RickAndMortyAPI in Frameworks */,
				2230AF362A7030CB005EC8FB /* ApolloWebSocket in Frameworks */,
			);
			runOnlyForDeploymentPostprocessing = 0;
		};
/* End PBXFrameworksBuildPhase section */

/* Begin PBXGroup section */
		2230AF182A703026005EC8FB = {
			isa = PBXGroup;
			children = (
				2230AF412A70389D005EC8FB /* Packages */,
				2230AF232A703026005EC8FB /* Purple */,
				2230AF222A703026005EC8FB /* Products */,
				2230AF432A7038AD005EC8FB /* Frameworks */,
			);
			sourceTree = "<group>";
		};
		2230AF222A703026005EC8FB /* Products */ = {
			isa = PBXGroup;
			children = (
				2230AF212A703026005EC8FB /* Purple.app */,
			);
			name = Products;
			sourceTree = "<group>";
		};
		2230AF232A703026005EC8FB /* Purple */ = {
			isa = PBXGroup;
			children = (
				2230AF392A703836005EC8FB /* graphql */,
				2230AF242A703026005EC8FB /* PurpleApp.swift */,
				2230AF262A703026005EC8FB /* ContentView.swift */,
				2230AF282A703027005EC8FB /* Assets.xcassets */,
				2230AF2A2A703027005EC8FB /* Preview Content */,
			);
			path = Purple;
			sourceTree = "<group>";
		};
		2230AF2A2A703027005EC8FB /* Preview Content */ = {
			isa = PBXGroup;
			children = (
				2230AF2B2A703027005EC8FB /* Preview Assets.xcassets */,
			);
			path = "Preview Content";
			sourceTree = "<group>";
		};
		2230AF392A703836005EC8FB /* graphql */ = {
			isa = PBXGroup;
			children = (
				2230AF3A2A703836005EC8FB /* schema.graphqls */,
				2230AF402A70385B005EC8FB /* CharacterList.graphql */,
			);
			path = graphql;
			sourceTree = SOURCE_ROOT;
		};
		2230AF412A70389D005EC8FB /* Packages */ = {
			isa = PBXGroup;
			children = (
				2230AF422A70389D005EC8FB /* RickAndMortyAPI */,
			);
			name = Packages;
			sourceTree = "<group>";
		};
		2230AF432A7038AD005EC8FB /* Frameworks */ = {
			isa = PBXGroup;
			children = (
			);
			name = Frameworks;
			sourceTree = "<group>";
		};
/* End PBXGroup section */

/* Begin PBXNativeTarget section */
		2230AF202A703026005EC8FB /* Purple */ = {
			isa = PBXNativeTarget;
			buildConfigurationList = 2230AF2F2A703027005EC8FB /* Build configuration list for PBXNativeTarget "Purple" */;
			buildPhases = (
				2230AF1D2A703026005EC8FB /* Sources */,
				2230AF1E2A703026005EC8FB /* Frameworks */,
				2230AF1F2A703026005EC8FB /* Resources */,
			);
			buildRules = (
			);
			dependencies = (
			);
			name = Purple;
			packageProductDependencies = (
				2230AF332A7030CB005EC8FB /* Apollo */,
				2230AF352A7030CB005EC8FB /* ApolloWebSocket */,
				2230AF442A7038AD005EC8FB /* RickAndMortyAPI */,
			);
			productName = Purple;
			productReference = 2230AF212A703026005EC8FB /* Purple.app */;
			productType = "com.apple.product-type.application";
		};
/* End PBXNativeTarget section */

/* Begin PBXProject section */
		2230AF192A703026005EC8FB /* Project object */ = {
			isa = PBXProject;
			attributes = {
				BuildIndependentTargetsInParallel = 1;
				LastSwiftUpdateCheck = 1430;
				LastUpgradeCheck = 1430;
				TargetAttributes = {
					2230AF202A703026005EC8FB = {
						CreatedOnToolsVersion = 14.3.1;
					};
				};
			};
			buildConfigurationList = 2230AF1C2A703026005EC8FB /* Build configuration list for PBXProject "Purple" */;
			compatibilityVersion = "Xcode 14.0";
			developmentRegion = en;
			hasScannedForEncodings = 0;
			knownRegions = (
				en,
				Base,
			);
			mainGroup = 2230AF182A703026005EC8FB;
			packageReferences = (
				2230AF322A7030CB005EC8FB /* XCRemoteSwiftPackageReference "apollo-ios" */,
			);
			productRefGroup = 2230AF222A703026005EC8FB /* Products */;
			projectDirPath = "";
			projectRoot = "";
			targets = (
				2230AF202A703026005EC8FB /* Purple */,
			);
		};
/* End PBXProject section */

/* Begin PBXResourcesBuildPhase section */
		2230AF1F2A703026005EC8FB /* Resources */ = {
			isa = PBXResourcesBuildPhase;
			buildActionMask = 2147483647;
			files = (
				2230AF2C2A703027005EC8FB /* Preview Assets.xcassets in Resources */,
				2230AF3C2A703836005EC8FB /* schema.graphqls in Resources */,
				2230AF292A703027005EC8FB /* Assets.xcassets in Resources */,
			);
			runOnlyForDeploymentPostprocessing = 0;
		};
/* End PBXResourcesBuildPhase section */

/* Begin PBXSourcesBuildPhase section */
		2230AF1D2A703026005EC8FB /* Sources */ = {
			isa = PBXSourcesBuildPhase;
			buildActionMask = 2147483647;
			files = (
				2230AF272A703026005EC8FB /* ContentView.swift in Sources */,
				2230AF252A703026005EC8FB /* PurpleApp.swift in Sources */,
			);
			runOnlyForDeploymentPostprocessing = 0;
		};
/* End PBXSourcesBuildPhase section */

/* Begin XCBuildConfiguration section */
		2230AF2D2A703027005EC8FB /* Debug */ = {
			isa = XCBuildConfiguration;
			buildSettings = {
				ALWAYS_SEARCH_USER_PATHS = NO;
				CLANG_ANALYZER_NONNULL = YES;
				CLANG_ANALYZER_NUMBER_OBJECT_CONVERSION = YES_AGGRESSIVE;
				CLANG_CXX_LANGUAGE_STANDARD = "gnu++20";
				CLANG_ENABLE_MODULES = YES;
				CLANG_ENABLE_OBJC_ARC = YES;
				CLANG_ENABLE_OBJC_WEAK = YES;
				CLANG_WARN_BLOCK_CAPTURE_AUTORELEASING = YES;
				CLANG_WARN_BOOL_CONVERSION = YES;
				CLANG_WARN_COMMA = YES;
				CLANG_WARN_CONSTANT_CONVERSION = YES;
				CLANG_WARN_DEPRECATED_OBJC_IMPLEMENTATIONS = YES;
				CLANG_WARN_DIRECT_OBJC_ISA_USAGE = YES_ERROR;
				CLANG_WARN_DOCUMENTATION_COMMENTS = YES;
				CLANG_WARN_EMPTY_BODY = YES;
				CLANG_WARN_ENUM_CONVERSION = YES;
				CLANG_WARN_INFINITE_RECURSION = YES;
				CLANG_WARN_INT_CONVERSION = YES;
				CLANG_WARN_NON_LITERAL_NULL_CONVERSION = YES;
				CLANG_WARN_OBJC_IMPLICIT_RETAIN_SELF = YES;
				CLANG_WARN_OBJC_LITERAL_CONVERSION = YES;
				CLANG_WARN_OBJC_ROOT_CLASS = YES_ERROR;
				CLANG_WARN_QUOTED_INCLUDE_IN_FRAMEWORK_HEADER = YES;
				CLANG_WARN_RANGE_LOOP_ANALYSIS = YES;
				CLANG_WARN_STRICT_PROTOTYPES = YES;
				CLANG_WARN_SUSPICIOUS_MOVE = YES;
				CLANG_WARN_UNGUARDED_AVAILABILITY = YES_AGGRESSIVE;
				CLANG_WARN_UNREACHABLE_CODE = YES;
				CLANG_WARN__DUPLICATE_METHOD_MATCH = YES;
				COPY_PHASE_STRIP = NO;
				DEBUG_INFORMATION_FORMAT = dwarf;
				ENABLE_STRICT_OBJC_MSGSEND = YES;
				ENABLE_TESTABILITY = YES;
				GCC_C_LANGUAGE_STANDARD = gnu11;
				GCC_DYNAMIC_NO_PIC = NO;
				GCC_NO_COMMON_BLOCKS = YES;
				GCC_OPTIMIZATION_LEVEL = 0;
				GCC_PREPROCESSOR_DEFINITIONS = (
					"DEBUG=1",
					"$(inherited)",
				);
				GCC_WARN_64_TO_32_BIT_CONVERSION = YES;
				GCC_WARN_ABOUT_RETURN_TYPE = YES_ERROR;
				GCC_WARN_UNDECLARED_SELECTOR = YES;
				GCC_WARN_UNINITIALIZED_AUTOS = YES_AGGRESSIVE;
				GCC_WARN_UNUSED_FUNCTION = YES;
				GCC_WARN_UNUSED_VARIABLE = YES;
				IPHONEOS_DEPLOYMENT_TARGET = 16.4;
				MTL_ENABLE_DEBUG_INFO = INCLUDE_SOURCE;
				MTL_FAST_MATH = YES;
				ONLY_ACTIVE_ARCH = YES;
				SDKROOT = iphoneos;
				SWIFT_ACTIVE_COMPILATION_CONDITIONS = DEBUG;
				SWIFT_OPTIMIZATION_LEVEL = "-Onone";
			};
			name = Debug;
		};
		2230AF2E2A703027005EC8FB /* Release */ = {
			isa = XCBuildConfiguration;
			buildSettings = {
				ALWAYS_SEARCH_USER_PATHS = NO;
				CLANG_ANALYZER_NONNULL = YES;
				CLANG_ANALYZER_NUMBER_OBJECT_CONVERSION = YES_AGGRESSIVE;
				CLANG_CXX_LANGUAGE_STANDARD = "gnu++20";
				CLANG_ENABLE_MODULES = YES;
				CLANG_ENABLE_OBJC_ARC = YES;
				CLANG_ENABLE_OBJC_WEAK = YES;
				CLANG_WARN_BLOCK_CAPTURE_AUTORELEASING = YES;
				CLANG_WARN_BOOL_CONVERSION = YES;
				CLANG_WARN_COMMA = YES;
				CLANG_WARN_CONSTANT_CONVERSION = YES;
				CLANG_WARN_DEPRECATED_OBJC_IMPLEMENTATIONS = YES;
				CLANG_WARN_DIRECT_OBJC_ISA_USAGE = YES_ERROR;
				CLANG_WARN_DOCUMENTATION_COMMENTS = YES;
				CLANG_WARN_EMPTY_BODY = YES;
				CLANG_WARN_ENUM_CONVERSION = YES;
				CLANG_WARN_INFINITE_RECURSION = YES;
				CLANG_WARN_INT_CONVERSION = YES;
				CLANG_WARN_NON_LITERAL_NULL_CONVERSION = YES;
				CLANG_WARN_OBJC_IMPLICIT_RETAIN_SELF = YES;
				CLANG_WARN_OBJC_LITERAL_CONVERSION = YES;
				CLANG_WARN_OBJC_ROOT_CLASS = YES_ERROR;
				CLANG_WARN_QUOTED_INCLUDE_IN_FRAMEWORK_HEADER = YES;
				CLANG_WARN_RANGE_LOOP_ANALYSIS = YES;
				CLANG_WARN_STRICT_PROTOTYPES = YES;
				CLANG_WARN_SUSPICIOUS_MOVE = YES;
				CLANG_WARN_UNGUARDED_AVAILABILITY = YES_AGGRESSIVE;
				CLANG_WARN_UNREACHABLE_CODE = YES;
				CLANG_WARN__DUPLICATE_METHOD_MATCH = YES;
				COPY_PHASE_STRIP = NO;
				DEBUG_INFORMATION_FORMAT = "dwarf-with-dsym";
				ENABLE_NS_ASSERTIONS = NO;
				ENABLE_STRICT_OBJC_MSGSEND = YES;
				GCC_C_LANGUAGE_STANDARD = gnu11;
				GCC_NO_COMMON_BLOCKS = YES;
				GCC_WARN_64_TO_32_BIT_CONVERSION = YES;
				GCC_WARN_ABOUT_RETURN_TYPE = YES_ERROR;
				GCC_WARN_UNDECLARED_SELECTOR = YES;
				GCC_WARN_UNINITIALIZED_AUTOS = YES_AGGRESSIVE;
				GCC_WARN_UNUSED_FUNCTION = YES;
				GCC_WARN_UNUSED_VARIABLE = YES;
				IPHONEOS_DEPLOYMENT_TARGET = 16.4;
				MTL_ENABLE_DEBUG_INFO = NO;
				MTL_FAST_MATH = YES;
				SDKROOT = iphoneos;
				SWIFT_COMPILATION_MODE = wholemodule;
				SWIFT_OPTIMIZATION_LEVEL = "-O";
				VALIDATE_PRODUCT = YES;
			};
			name = Release;
		};
		2230AF302A703027005EC8FB /* Debug */ = {
			isa = XCBuildConfiguration;
			buildSettings = {
				ASSETCATALOG_COMPILER_APPICON_NAME = AppIcon;
				ASSETCATALOG_COMPILER_GLOBAL_ACCENT_COLOR_NAME = AccentColor;
				CODE_SIGN_STYLE = Automatic;
				CURRENT_PROJECT_VERSION = 1;
				DEVELOPMENT_ASSET_PATHS = "\"Purple/Preview Content\"";
				DEVELOPMENT_TEAM = 6HF4JSQNA4;
				ENABLE_PREVIEWS = YES;
				GENERATE_INFOPLIST_FILE = YES;
				INFOPLIST_KEY_UIApplicationSceneManifest_Generation = YES;
				INFOPLIST_KEY_UIApplicationSupportsIndirectInputEvents = YES;
				INFOPLIST_KEY_UILaunchScreen_Generation = YES;
				INFOPLIST_KEY_UISupportedInterfaceOrientations = UIInterfaceOrientationPortrait;
				INFOPLIST_KEY_UISupportedInterfaceOrientations_iPad = "UIInterfaceOrientationLandscapeLeft UIInterfaceOrientationLandscapeRight UIInterfaceOrientationPortrait UIInterfaceOrientationPortraitUpsideDown";
				LD_RUNPATH_SEARCH_PATHS = (
					"$(inherited)",
					"@executable_path/Frameworks",
				);
				MARKETING_VERSION = 1.0;
				PRODUCT_BUNDLE_IDENTIFIER = com.dnzhelloo.Purple;
				PRODUCT_NAME = "$(TARGET_NAME)";
				SWIFT_EMIT_LOC_STRINGS = YES;
				SWIFT_VERSION = 5.0;
				TARGETED_DEVICE_FAMILY = "1,2";
			};
			name = Debug;
		};
		2230AF312A703027005EC8FB /* Release */ = {
			isa = XCBuildConfiguration;
			buildSettings = {
				ASSETCATALOG_COMPILER_APPICON_NAME = AppIcon;
				ASSETCATALOG_COMPILER_GLOBAL_ACCENT_COLOR_NAME = AccentColor;
				CODE_SIGN_STYLE = Automatic;
				CURRENT_PROJECT_VERSION = 1;
				DEVELOPMENT_ASSET_PATHS = "\"Purple/Preview Content\"";
				DEVELOPMENT_TEAM = 6HF4JSQNA4;
				ENABLE_PREVIEWS = YES;
				GENERATE_INFOPLIST_FILE = YES;
				INFOPLIST_KEY_UIApplicationSceneManifest_Generation = YES;
				INFOPLIST_KEY_UIApplicationSupportsIndirectInputEvents = YES;
				INFOPLIST_KEY_UILaunchScreen_Generation = YES;
				INFOPLIST_KEY_UISupportedInterfaceOrientations = UIInterfaceOrientationPortrait;
				INFOPLIST_KEY_UISupportedInterfaceOrientations_iPad = "UIInterfaceOrientationLandscapeLeft UIInterfaceOrientationLandscapeRight UIInterfaceOrientationPortrait UIInterfaceOrientationPortraitUpsideDown";
				LD_RUNPATH_SEARCH_PATHS = (
					"$(inherited)",
					"@executable_path/Frameworks",
				);
				MARKETING_VERSION = 1.0;
				PRODUCT_BUNDLE_IDENTIFIER = com.dnzhelloo.Purple;
				PRODUCT_NAME = "$(TARGET_NAME)";
				SWIFT_EMIT_LOC_STRINGS = YES;
				SWIFT_VERSION = 5.0;
				TARGETED_DEVICE_FAMILY = "1,2";
			};
			name = Release;
		};
/* End XCBuildConfiguration section */

/* Begin XCConfigurationList section */
		2230AF1C2A703026005EC8FB /* Build configuration list for PBXProject "Purple" */ = {
			isa = XCConfigurationList;
			buildConfigurations = (
				2230AF2D2A703027005EC8FB /* Debug */,
				2230AF2E2A703027005EC8FB /* Release */,
			);
			defaultConfigurationIsVisible = 0;
			defaultConfigurationName = Release;
		};
		2230AF2F2A703027005EC8FB /* Build configuration list for PBXNativeTarget "Purple" */ = {
			isa = XCConfigurationList;
			buildConfigurations = (
				2230AF302A703027005EC8FB /* Debug */,
				2230AF312A703027005EC8FB /* Release */,
			);
			defaultConfigurationIsVisible = 0;
			defaultConfigurationName = Release;
		};
/* End XCConfigurationList section */

/* Begin XCRemoteSwiftPackageReference section */
		2230AF322A7030CB005EC8FB /* XCRemoteSwiftPackageReference "apollo-ios" */ = {
			isa = XCRemoteSwiftPackageReference;
			repositoryURL = "https://github.com/apollographql/apollo-ios";
			requirement = {
				kind = upToNextMinorVersion;
				minimumVersion = 1.3.0;
			};
		};
/* End XCRemoteSwiftPackageReference section */

/* Begin XCSwiftPackageProductDependency section */
		2230AF332A7030CB005EC8FB /* Apollo */ = {
			isa = XCSwiftPackageProductDependency;
			package = 2230AF322A7030CB005EC8FB /* XCRemoteSwiftPackageReference "apollo-ios" */;
			productName = Apollo;
		};
		2230AF352A7030CB005EC8FB /* ApolloWebSocket */ = {
			isa = XCSwiftPackageProductDependency;
			package = 2230AF322A7030CB005EC8FB /* XCRemoteSwiftPackageReference "apollo-ios" */;
			productName = ApolloWebSocket;
		};
		2230AF442A7038AD005EC8FB /* RickAndMortyAPI */ = {
			isa = XCSwiftPackageProductDependency;
			productName = RickAndMortyAPI;
		};
/* End XCSwiftPackageProductDependency section */
	};
	rootObject = 2230AF192A703026005EC8FB /* Project object */;
}
